
Microsoft Visual Studio Solution File, Format Version 12.00
# Visual Studio Version 17
VisualStudioVersion = 17.5.002.0
MinimumVisualStudioVersion = 10.0.40219.1
Project("{9A19103F-16F7-4668-BE54-9A1E7A4F7556}") = "AoC24", "AoC24.csproj", "{FE7D374F-A77E-48C0-AA16-5011CE392C71}"
EndProject
Global
	GlobalSection(SolutionConfigurationPlatforms) = preSolution
		Debug|Any CPU = Debug|Any CPU
		Release|Any CPU = Release|Any CPU
	EndGlobalSection
	GlobalSection(ProjectConfigurationPlatforms) = postSolution
		{FE7D374F-A77E-48C0-AA16-5011CE392C71}.Debug|Any CPU.ActiveCfg = Debug|Any CPU
		{FE7D374F-A77E-48C0-AA16-5011CE392C71}.Debug|Any CPU.Build.0 = Debug|Any CPU
		{FE7D374F-A77E-48C0-AA16-5011CE392C71}.Release|Any CPU.ActiveCfg = Release|Any CPU
		{FE7D374F-A77E-48C0-AA16-5011CE392C71}.Release|Any CPU.Build.0 = Release|Any CPU
	EndGlobalSection
	GlobalSection(SolutionProperties) = preSolution
		HideSolutionNode = FALSE
	EndGlobalSection
	GlobalSection(ExtensibilityGlobals) = postSolution
		SolutionGuid = {348DFC24-3DDC-4801-A081-513796BB4087}
	EndGlobalSection
EndGlobal
